// !$*UTF8*$!
{
	archiveVersion = 1;
	classes = {
	};
	objectVersion = 46;
	objects = {

/* Begin PBXBuildFile section */
		2D8C43B31DC7096E001481D1 /* 个人.png in Resources */ = {isa = PBXBuildFile; fileRef = 2D8C43201DC7096E001481D1 /* 个人.png */; };
		2D8C43B41DC7096E001481D1 /* 搜索背景.PNG in Resources */ = {isa = PBXBuildFile; fileRef = 2D8C43211DC7096E001481D1 /* 搜索背景.PNG */; };
		2D8C43B51DC7096E001481D1 /* img_00.png in Resources */ = {isa = PBXBuildFile; fileRef = 2D8C43AD1DC7096E001481D1 /* img_00.png */; };
		2D8C43B61DC7096E001481D1 /* img_01.png in Resources */ = {isa = PBXBuildFile; fileRef = 2D8C43AE1DC7096E001481D1 /* img_01.png */; };
		2D8C43B71DC7096E001481D1 /* img_03.png in Resources */ = {isa = PBXBuildFile; fileRef = 2D8C43AF1DC7096E001481D1 /* img_03.png */; };
		2D8C43B81DC7096E001481D1 /* img_04.png in Resources */ = {isa = PBXBuildFile; fileRef = 2D8C43B01DC7096E001481D1 /* img_04.png */; };
		2D8C43B91DC7096E001481D1 /* lauch.PNG in Resources */ = {isa = PBXBuildFile; fileRef = 2D8C43B11DC7096E001481D1 /* lauch.PNG */; };
		2D8C43BA1DC7096E001481D1 /* zoomoutsolids.png in Resources */ = {isa = PBXBuildFile; fileRef = 2D8C43B21DC7096E001481D1 /* zoomoutsolids.png */; };
		2D8C43C01DC70ADF001481D1 /* UserTableViewCell.m in Sources */ = {isa = PBXBuildFile; fileRef = 2D8C43BE1DC70ADF001481D1 /* UserTableViewCell.m */; };
		2D8C43C11DC70ADF001481D1 /* UserTableViewCell.xib in Resources */ = {isa = PBXBuildFile; fileRef = 2D8C43BF1DC70ADF001481D1 /* UserTableViewCell.xib */; };
		2D9FF79C1DB6714C00B47DC7 /* UserViewController.m in Sources */ = {isa = PBXBuildFile; fileRef = 2D9FF79B1DB6714C00B47DC7 /* UserViewController.m */; };
		2DE459061DABBF0C00B6DEE5 /* main.m in Sources */ = {isa = PBXBuildFile; fileRef = 2DE459051DABBF0C00B6DEE5 /* main.m */; };
		2DE459091DABBF0C00B6DEE5 /* AppDelegate.m in Sources */ = {isa = PBXBuildFile; fileRef = 2DE459081DABBF0C00B6DEE5 /* AppDelegate.m */; };
		2DE4590C1DABBF0C00B6DEE5 /* ViewController.m in Sources */ = {isa = PBXBuildFile; fileRef = 2DE4590B1DABBF0C00B6DEE5 /* ViewController.m */; };
		2DE4590F1DABBF0C00B6DEE5 /* Main.storyboard in Resources */ = {isa = PBXBuildFile; fileRef = 2DE4590D1DABBF0C00B6DEE5 /* Main.storyboard */; };
		2DE459111DABBF0C00B6DEE5 /* Assets.xcassets in Resources */ = {isa = PBXBuildFile; fileRef = 2DE459101DABBF0C00B6DEE5 /* Assets.xcassets */; };
		2DE459141DABBF0C00B6DEE5 /* LaunchScreen.storyboard in Resources */ = {isa = PBXBuildFile; fileRef = 2DE459121DABBF0C00B6DEE5 /* LaunchScreen.storyboard */; };
		2DE4591F1DABBF0C00B6DEE5 /* __Tests.m in Sources */ = {isa = PBXBuildFile; fileRef = 2DE4591E1DABBF0C00B6DEE5 /* __Tests.m */; };
		2DE4592A1DABBF0C00B6DEE5 /* __UITests.m in Sources */ = {isa = PBXBuildFile; fileRef = 2DE459291DABBF0C00B6DEE5 /* __UITests.m */; };
		2DE459591DABD6A700B6DEE5 /* XMGPageView.m in Sources */ = {isa = PBXBuildFile; fileRef = 2DE459571DABD6A700B6DEE5 /* XMGPageView.m */; };
		2DE4595A1DABD6A700B6DEE5 /* XMGPageView.xib in Resources */ = {isa = PBXBuildFile; fileRef = 2DE459581DABD6A700B6DEE5 /* XMGPageView.xib */; };
		2DE4595C1DABD88200B6DEE5 /* MapKit.framework in Frameworks */ = {isa = PBXBuildFile; fileRef = 2DE4595B1DABD88200B6DEE5 /* MapKit.framework */; };
		2DEB65951DB34584006DE98C /* 首页.PNG in Resources */ = {isa = PBXBuildFile; fileRef = 2DEB65941DB34584006DE98C /* 首页.PNG */; };
		2DF9C52E1DB8A6C200CE9A73 /* HomeViewController.m in Sources */ = {isa = PBXBuildFile; fileRef = 2DF9C52B1DB8A6C200CE9A73 /* HomeViewController.m */; };
		2DF9C52F1DB8A6C200CE9A73 /* MJShareItem.m in Sources */ = {isa = PBXBuildFile; fileRef = 2DF9C52D1DB8A6C200CE9A73 /* MJShareItem.m */; };
		2DF9C5361DB8A6EA00CE9A73 /* ONENavigationController.m in Sources */ = {isa = PBXBuildFile; fileRef = 2DF9C5311DB8A6EA00CE9A73 /* ONENavigationController.m */; };
		2DF9C5371DB8A6EA00CE9A73 /* ONEViewController.m in Sources */ = {isa = PBXBuildFile; fileRef = 2DF9C5331DB8A6EA00CE9A73 /* ONEViewController.m */; };
		2DF9C5381DB8A6EA00CE9A73 /* SearchoneViewController.m in Sources */ = {isa = PBXBuildFile; fileRef = 2DF9C5351DB8A6EA00CE9A73 /* SearchoneViewController.m */; };
		2DF9C53B1DB8A70500CE9A73 /* MovieViewController.m in Sources */ = {isa = PBXBuildFile; fileRef = 2DF9C53A1DB8A70500CE9A73 /* MovieViewController.m */; };
		2DF9C53E1DB8A70E00CE9A73 /* MusicViewController.m in Sources */ = {isa = PBXBuildFile; fileRef = 2DF9C53D1DB8A70E00CE9A73 /* MusicViewController.m */; };
		2DF9C5411DB8A71600CE9A73 /* ReadViewController.m in Sources */ = {isa = PBXBuildFile; fileRef = 2DF9C5401DB8A71600CE9A73 /* ReadViewController.m */; };
		2DF9C5461DB8A73500CE9A73 /* OneConst.m in Sources */ = {isa = PBXBuildFile; fileRef = 2DF9C5431DB8A73500CE9A73 /* OneConst.m */; };
		2DF9C5471DB8A73500CE9A73 /* OneHttpConst.m in Sources */ = {isa = PBXBuildFile; fileRef = 2DF9C5451DB8A73500CE9A73 /* OneHttpConst.m */; };
		2DF9C5491DB8AAA200CE9A73 /* 滑稽.jpg in Resources */ = {isa = PBXBuildFile; fileRef = 2DF9C5481DB8AAA200CE9A73 /* 滑稽.jpg */; };
		2DF9C54B1DB8B9B300CE9A73 /* 小记.png in Resources */ = {isa = PBXBuildFile; fileRef = 2DF9C54A1DB8B9B300CE9A73 /* 小记.png */; };
		2DF9C54D1DB8BAAF00CE9A73 /* 歌单.png in Resources */ = {isa = PBXBuildFile; fileRef = 2DF9C54C1DB8BAAF00CE9A73 /* 歌单.png */; };
/* End PBXBuildFile section */

/* Begin PBXContainerItemProxy section */
		2DE4591B1DABBF0C00B6DEE5 /* PBXContainerItemProxy */ = {
			isa = PBXContainerItemProxy;
			containerPortal = 2DE458F91DABBF0C00B6DEE5 /* Project object */;
			proxyType = 1;
			remoteGlobalIDString = 2DE459001DABBF0C00B6DEE5;
			remoteInfo = "一个";
		};
		2DE459261DABBF0C00B6DEE5 /* PBXContainerItemProxy */ = {
			isa = PBXContainerItemProxy;
			containerPortal = 2DE458F91DABBF0C00B6DEE5 /* Project object */;
			proxyType = 1;
			remoteGlobalIDString = 2DE459001DABBF0C00B6DEE5;
			remoteInfo = "一个";
		};
/* End PBXContainerItemProxy section */

/* Begin PBXFileReference section */
		2D8C43201DC7096E001481D1 /* 个人.png */ = {isa = PBXFileReference; lastKnownFileType = image.png; path = "个人.png"; sourceTree = "<group>"; };
		2D8C43211DC7096E001481D1 /* 搜索背景.PNG */ = {isa = PBXFileReference; lastKnownFileType = image.png; path = "搜索背景.PNG"; sourceTree = "<group>"; };
		2D8C43AD1DC7096E001481D1 /* img_00.png */ = {isa = PBXFileReference; lastKnownFileType = image.png; path = img_00.png; sourceTree = "<group>"; };
		2D8C43AE1DC7096E001481D1 /* img_01.png */ = {isa = PBXFileReference; lastKnownFileType = image.png; path = img_01.png; sourceTree = "<group>"; };
		2D8C43AF1DC7096E001481D1 /* img_03.png */ = {isa = PBXFileReference; lastKnownFileType = image.png; path = img_03.png; sourceTree = "<group>"; };
		2D8C43B01DC7096E001481D1 /* img_04.png */ = {isa = PBXFileReference; lastKnownFileType = image.png; path = img_04.png; sourceTree = "<group>"; };
		2D8C43B11DC7096E001481D1 /* lauch.PNG */ = {isa = PBXFileReference; lastKnownFileType = image.png; path = lauch.PNG; sourceTree = "<group>"; };
		2D8C43B21DC7096E001481D1 /* zoomoutsolids.png */ = {isa = PBXFileReference; lastKnownFileType = image.png; path = zoomoutsolids.png; sourceTree = "<group>"; };
		2D8C43BD1DC70ADF001481D1 /* UserTableViewCell.h */ = {isa = PBXFileReference; fileEncoding = 4; lastKnownFileType = sourcecode.c.h; path = UserTableViewCell.h; sourceTree = "<group>"; };
		2D8C43BE1DC70ADF001481D1 /* UserTableViewCell.m */ = {isa = PBXFileReference; fileEncoding = 4; lastKnownFileType = sourcecode.c.objc; path = UserTableViewCell.m; sourceTree = "<group>"; };
		2D8C43BF1DC70ADF001481D1 /* UserTableViewCell.xib */ = {isa = PBXFileReference; fileEncoding = 4; lastKnownFileType = file.xib; path = UserTableViewCell.xib; sourceTree = "<group>"; };
		2D9FF79A1DB6714C00B47DC7 /* UserViewController.h */ = {isa = PBXFileReference; fileEncoding = 4; lastKnownFileType = sourcecode.c.h; path = UserViewController.h; sourceTree = "<group>"; };
		2D9FF79B1DB6714C00B47DC7 /* UserViewController.m */ = {isa = PBXFileReference; fileEncoding = 4; lastKnownFileType = sourcecode.c.objc; path = UserViewController.m; sourceTree = "<group>"; };
		2DE459011DABBF0C00B6DEE5 /* 一个.app */ = {isa = PBXFileReference; explicitFileType = wrapper.application; includeInIndex = 0; path = "一个.app"; sourceTree = BUILT_PRODUCTS_DIR; };
		2DE459051DABBF0C00B6DEE5 /* main.m */ = {isa = PBXFileReference; lastKnownFileType = sourcecode.c.objc; path = main.m; sourceTree = "<group>"; };
		2DE459071DABBF0C00B6DEE5 /* AppDelegate.h */ = {isa = PBXFileReference; lastKnownFileType = sourcecode.c.h; path = AppDelegate.h; sourceTree = "<group>"; };
		2DE459081DABBF0C00B6DEE5 /* AppDelegate.m */ = {isa = PBXFileReference; lastKnownFileType = sourcecode.c.objc; path = AppDelegate.m; sourceTree = "<group>"; };
		2DE4590A1DABBF0C00B6DEE5 /* ViewController.h */ = {isa = PBXFileReference; lastKnownFileType = sourcecode.c.h; path = ViewController.h; sourceTree = "<group>"; };
		2DE4590B1DABBF0C00B6DEE5 /* ViewController.m */ = {isa = PBXFileReference; lastKnownFileType = sourcecode.c.objc; path = ViewController.m; sourceTree = "<group>"; };
		2DE4590E1DABBF0C00B6DEE5 /* Base */ = {isa = PBXFileReference; lastKnownFileType = file.storyboard; name = Base; path = Base.lproj/Main.storyboard; sourceTree = "<group>"; };
		2DE459101DABBF0C00B6DEE5 /* Assets.xcassets */ = {isa = PBXFileReference; lastKnownFileType = folder.assetcatalog; path = Assets.xcassets; sourceTree = "<group>"; };
		2DE459131DABBF0C00B6DEE5 /* Base */ = {isa = PBXFileReference; lastKnownFileType = file.storyboard; name = Base; path = Base.lproj/LaunchScreen.storyboard; sourceTree = "<group>"; };
		2DE459151DABBF0C00B6DEE5 /* Info.plist */ = {isa = PBXFileReference; lastKnownFileType = text.plist.xml; path = Info.plist; sourceTree = "<group>"; };
		2DE4591A1DABBF0C00B6DEE5 /* 一个Tests.xctest */ = {isa = PBXFileReference; explicitFileType = wrapper.cfbundle; includeInIndex = 0; path = "一个Tests.xctest"; sourceTree = BUILT_PRODUCTS_DIR; };
		2DE4591E1DABBF0C00B6DEE5 /* __Tests.m */ = {isa = PBXFileReference; lastKnownFileType = sourcecode.c.objc; path = __Tests.m; sourceTree = "<group>"; };
		2DE459201DABBF0C00B6DEE5 /* Info.plist */ = {isa = PBXFileReference; lastKnownFileType = text.plist.xml; path = Info.plist; sourceTree = "<group>"; };
		2DE459251DABBF0C00B6DEE5 /* 一个UITests.xctest */ = {isa = PBXFileReference; explicitFileType = wrapper.cfbundle; includeInIndex = 0; path = "一个UITests.xctest"; sourceTree = BUILT_PRODUCTS_DIR; };
		2DE459291DABBF0C00B6DEE5 /* __UITests.m */ = {isa = PBXFileReference; lastKnownFileType = sourcecode.c.objc; path = __UITests.m; sourceTree = "<group>"; };
		2DE4592B1DABBF0C00B6DEE5 /* Info.plist */ = {isa = PBXFileReference; lastKnownFileType = text.plist.xml; path = Info.plist; sourceTree = "<group>"; };
		2DE459561DABD6A700B6DEE5 /* XMGPageView.h */ = {isa = PBXFileReference; fileEncoding = 4; lastKnownFileType = sourcecode.c.h; path = XMGPageView.h; sourceTree = "<group>"; };
		2DE459571DABD6A700B6DEE5 /* XMGPageView.m */ = {isa = PBXFileReference; fileEncoding = 4; lastKnownFileType = sourcecode.c.objc; path = XMGPageView.m; sourceTree = "<group>"; };
		2DE459581DABD6A700B6DEE5 /* XMGPageView.xib */ = {isa = PBXFileReference; fileEncoding = 4; lastKnownFileType = file.xib; path = XMGPageView.xib; sourceTree = "<group>"; };
		2DE4595B1DABD88200B6DEE5 /* MapKit.framework */ = {isa = PBXFileReference; lastKnownFileType = wrapper.framework; name = MapKit.framework; path = System/Library/Frameworks/MapKit.framework; sourceTree = SDKROOT; };
		2DEB65941DB34584006DE98C /* 首页.PNG */ = {isa = PBXFileReference; lastKnownFileType = image.png; path = "首页.PNG"; sourceTree = "<group>"; };
		2DF9C52A1DB8A6C200CE9A73 /* HomeViewController.h */ = {isa = PBXFileReference; fileEncoding = 4; lastKnownFileType = sourcecode.c.h; path = HomeViewController.h; sourceTree = "<group>"; };
		2DF9C52B1DB8A6C200CE9A73 /* HomeViewController.m */ = {isa = PBXFileReference; fileEncoding = 4; lastKnownFileType = sourcecode.c.objc; path = HomeViewController.m; sourceTree = "<group>"; };
		2DF9C52C1DB8A6C200CE9A73 /* MJShareItem.h */ = {isa = PBXFileReference; fileEncoding = 4; lastKnownFileType = sourcecode.c.h; path = MJShareItem.h; sourceTree = "<group>"; };
		2DF9C52D1DB8A6C200CE9A73 /* MJShareItem.m */ = {isa = PBXFileReference; fileEncoding = 4; lastKnownFileType = sourcecode.c.objc; path = MJShareItem.m; sourceTree = "<group>"; };
		2DF9C5301DB8A6EA00CE9A73 /* ONENavigationController.h */ = {isa = PBXFileReference; fileEncoding = 4; lastKnownFileType = sourcecode.c.h; path = ONENavigationController.h; sourceTree = "<group>"; };
		2DF9C5311DB8A6EA00CE9A73 /* ONENavigationController.m */ = {isa = PBXFileReference; fileEncoding = 4; lastKnownFileType = sourcecode.c.objc; path = ONENavigationController.m; sourceTree = "<group>"; };
		2DF9C5321DB8A6EA00CE9A73 /* ONEViewController.h */ = {isa = PBXFileReference; fileEncoding = 4; lastKnownFileType = sourcecode.c.h; path = ONEViewController.h; sourceTree = "<group>"; };
		2DF9C5331DB8A6EA00CE9A73 /* ONEViewController.m */ = {isa = PBXFileReference; fileEncoding = 4; lastKnownFileType = sourcecode.c.objc; path = ONEViewController.m; sourceTree = "<group>"; };
		2DF9C5341DB8A6EA00CE9A73 /* SearchoneViewController.h */ = {isa = PBXFileReference; fileEncoding = 4; lastKnownFileType = sourcecode.c.h; path = SearchoneViewController.h; sourceTree = "<group>"; };
		2DF9C5351DB8A6EA00CE9A73 /* SearchoneViewController.m */ = {isa = PBXFileReference; fileEncoding = 4; lastKnownFileType = sourcecode.c.objc; path = SearchoneViewController.m; sourceTree = "<group>"; };
		2DF9C5391DB8A70500CE9A73 /* MovieViewController.h */ = {isa = PBXFileReference; fileEncoding = 4; lastKnownFileType = sourcecode.c.h; path = MovieViewController.h; sourceTree = "<group>"; };
		2DF9C53A1DB8A70500CE9A73 /* MovieViewController.m */ = {isa = PBXFileReference; fileEncoding = 4; lastKnownFileType = sourcecode.c.objc; path = MovieViewController.m; sourceTree = "<group>"; };
		2DF9C53C1DB8A70E00CE9A73 /* MusicViewController.h */ = {isa = PBXFileReference; fileEncoding = 4; lastKnownFileType = sourcecode.c.h; path = MusicViewController.h; sourceTree = "<group>"; };
		2DF9C53D1DB8A70E00CE9A73 /* MusicViewController.m */ = {isa = PBXFileReference; fileEncoding = 4; lastKnownFileType = sourcecode.c.objc; path = MusicViewController.m; sourceTree = "<group>"; };
		2DF9C53F1DB8A71600CE9A73 /* ReadViewController.h */ = {isa = PBXFileReference; fileEncoding = 4; lastKnownFileType = sourcecode.c.h; path = ReadViewController.h; sourceTree = "<group>"; };
		2DF9C5401DB8A71600CE9A73 /* ReadViewController.m */ = {isa = PBXFileReference; fileEncoding = 4; lastKnownFileType = sourcecode.c.objc; path = ReadViewController.m; sourceTree = "<group>"; };
		2DF9C5421DB8A73500CE9A73 /* OneConst.h */ = {isa = PBXFileReference; fileEncoding = 4; lastKnownFileType = sourcecode.c.h; path = OneConst.h; sourceTree = "<group>"; };
		2DF9C5431DB8A73500CE9A73 /* OneConst.m */ = {isa = PBXFileReference; fileEncoding = 4; lastKnownFileType = sourcecode.c.objc; path = OneConst.m; sourceTree = "<group>"; };
		2DF9C5441DB8A73500CE9A73 /* OneHttpConst.h */ = {isa = PBXFileReference; fileEncoding = 4; lastKnownFileType = sourcecode.c.h; path = OneHttpConst.h; sourceTree = "<group>"; };
		2DF9C5451DB8A73500CE9A73 /* OneHttpConst.m */ = {isa = PBXFileReference; fileEncoding = 4; lastKnownFileType = sourcecode.c.objc; path = OneHttpConst.m; sourceTree = "<group>"; };
		2DF9C5481DB8AAA200CE9A73 /* 滑稽.jpg */ = {isa = PBXFileReference; lastKnownFileType = image.jpeg; path = "滑稽.jpg"; sourceTree = "<group>"; };
		2DF9C54A1DB8B9B300CE9A73 /* 小记.png */ = {isa = PBXFileReference; lastKnownFileType = image.png; path = "小记.png"; sourceTree = "<group>"; };
		2DF9C54C1DB8BAAF00CE9A73 /* 歌单.png */ = {isa = PBXFileReference; lastKnownFileType = image.png; path = "歌单.png"; sourceTree = "<group>"; };
/* End PBXFileReference section */

/* Begin PBXFrameworksBuildPhase section */
		2DE458FE1DABBF0C00B6DEE5 /* Frameworks */ = {
			isa = PBXFrameworksBuildPhase;
			buildActionMask = 2147483647;
			files = (
				2DE4595C1DABD88200B6DEE5 /* MapKit.framework in Frameworks */,
			);
			runOnlyForDeploymentPostprocessing = 0;
		};
		2DE459171DABBF0C00B6DEE5 /* Frameworks */ = {
			isa = PBXFrameworksBuildPhase;
			buildActionMask = 2147483647;
			files = (
			);
			runOnlyForDeploymentPostprocessing = 0;
		};
		2DE459221DABBF0C00B6DEE5 /* Frameworks */ = {
			isa = PBXFrameworksBuildPhase;
			buildActionMask = 2147483647;
			files = (
			);
			runOnlyForDeploymentPostprocessing = 0;
		};
/* End PBXFrameworksBuildPhase section */

/* Begin PBXGroup section */
		2D8C43BB1DC70AC1001481D1 /* view */ = {
			isa = PBXGroup;
			children = (
				2D8C43BC1DC70AC1001481D1 /* usertableView */,
			);
			path = view;
			sourceTree = "<group>";
		};
		2D8C43BC1DC70AC1001481D1 /* usertableView */ = {
			isa = PBXGroup;
			children = (
				2D8C43BD1DC70ADF001481D1 /* UserTableViewCell.h */,
				2D8C43BE1DC70ADF001481D1 /* UserTableViewCell.m */,
				2D8C43BF1DC70ADF001481D1 /* UserTableViewCell.xib */,
			);
			path = usertableView;
			sourceTree = "<group>";
		};
		2D9FF7981DB6689800B47DC7 /* 常量文件 */ = {
			isa = PBXGroup;
			children = (
				2DF9C5421DB8A73500CE9A73 /* OneConst.h */,
				2DF9C5431DB8A73500CE9A73 /* OneConst.m */,
				2DF9C5441DB8A73500CE9A73 /* OneHttpConst.h */,
				2DF9C5451DB8A73500CE9A73 /* OneHttpConst.m */,
			);
			path = "常量文件";
			sourceTree = "<group>";
		};
		2D9FF7991DB6713700B47DC7 /* User */ = {
			isa = PBXGroup;
			children = (
				2D9FF79A1DB6714C00B47DC7 /* UserViewController.h */,
				2D9FF79B1DB6714C00B47DC7 /* UserViewController.m */,
			);
			path = User;
			sourceTree = "<group>";
		};
		2DE458F81DABBF0C00B6DEE5 = {
			isa = PBXGroup;
			children = (
				2DE4595B1DABD88200B6DEE5 /* MapKit.framework */,
				2DE459031DABBF0C00B6DEE5 /* 一个 */,
				2DE4591D1DABBF0C00B6DEE5 /* 一个Tests */,
				2DE459281DABBF0C00B6DEE5 /* 一个UITests */,
				2DE459021DABBF0C00B6DEE5 /* Products */,
			);
			sourceTree = "<group>";
		};
		2DE459021DABBF0C00B6DEE5 /* Products */ = {
			isa = PBXGroup;
			children = (
				2DE459011DABBF0C00B6DEE5 /* 一个.app */,
				2DE4591A1DABBF0C00B6DEE5 /* 一个Tests.xctest */,
				2DE459251DABBF0C00B6DEE5 /* 一个UITests.xctest */,
			);
			name = Products;
			sourceTree = "<group>";
		};
		2DE459031DABBF0C00B6DEE5 /* 一个 */ = {
			isa = PBXGroup;
			children = (
				2D8C43BB1DC70AC1001481D1 /* view */,
				2DF9C5481DB8AAA200CE9A73 /* 滑稽.jpg */,
				2D9FF7981DB6689800B47DC7 /* 常量文件 */,
				2DEB65931DB34584006DE98C /* images */,
				2DE459541DABD62000B6DEE5 /* 3lib */,
				2D9FF7991DB6713700B47DC7 /* User */,
				2DE459501DABD57C00B6DEE5 /* 电影 */,
				2DE459511DABD57C00B6DEE5 /* 首页 */,
				2DE459521DABD57C00B6DEE5 /* 音乐 */,
				2DE459531DABD57C00B6DEE5 /* 阅读 */,
				2DE4593D1DABD42E00B6DEE5 /* ONE */,
				2DE459071DABBF0C00B6DEE5 /* AppDelegate.h */,
				2DE459081DABBF0C00B6DEE5 /* AppDelegate.m */,
				2DE4590A1DABBF0C00B6DEE5 /* ViewController.h */,
				2DE4590B1DABBF0C00B6DEE5 /* ViewController.m */,
				2DE4590D1DABBF0C00B6DEE5 /* Main.storyboard */,
				2DE459101DABBF0C00B6DEE5 /* Assets.xcassets */,
				2DE459121DABBF0C00B6DEE5 /* LaunchScreen.storyboard */,
				2DE459151DABBF0C00B6DEE5 /* Info.plist */,
				2DE459041DABBF0C00B6DEE5 /* Supporting Files */,
			);
			path = "一个";
			sourceTree = "<group>";
		};
		2DE459041DABBF0C00B6DEE5 /* Supporting Files */ = {
			isa = PBXGroup;
			children = (
				2DE459051DABBF0C00B6DEE5 /* main.m */,
			);
			name = "Supporting Files";
			sourceTree = "<group>";
		};
		2DE4591D1DABBF0C00B6DEE5 /* 一个Tests */ = {
			isa = PBXGroup;
			children = (
				2DE4591E1DABBF0C00B6DEE5 /* __Tests.m */,
				2DE459201DABBF0C00B6DEE5 /* Info.plist */,
			);
			path = "一个Tests";
			sourceTree = "<group>";
		};
		2DE459281DABBF0C00B6DEE5 /* 一个UITests */ = {
			isa = PBXGroup;
			children = (
				2DE459291DABBF0C00B6DEE5 /* __UITests.m */,
				2DE4592B1DABBF0C00B6DEE5 /* Info.plist */,
			);
			path = "一个UITests";
			sourceTree = "<group>";
		};
		2DE4593D1DABD42E00B6DEE5 /* ONE */ = {
			isa = PBXGroup;
			children = (
				2DF9C5301DB8A6EA00CE9A73 /* ONENavigationController.h */,
				2DF9C5311DB8A6EA00CE9A73 /* ONENavigationController.m */,
				2DF9C5321DB8A6EA00CE9A73 /* ONEViewController.h */,
				2DF9C5331DB8A6EA00CE9A73 /* ONEViewController.m */,
				2DF9C5341DB8A6EA00CE9A73 /* SearchoneViewController.h */,
				2DF9C5351DB8A6EA00CE9A73 /* SearchoneViewController.m */,
			);
			path = ONE;
			sourceTree = "<group>";
		};
		2DE459501DABD57C00B6DEE5 /* 电影 */ = {
			isa = PBXGroup;
			children = (
				2DF9C5391DB8A70500CE9A73 /* MovieViewController.h */,
				2DF9C53A1DB8A70500CE9A73 /* MovieViewController.m */,
			);
			path = "电影";
			sourceTree = "<group>";
		};
		2DE459511DABD57C00B6DEE5 /* 首页 */ = {
			isa = PBXGroup;
			children = (
				2DF9C52A1DB8A6C200CE9A73 /* HomeViewController.h */,
				2DF9C52B1DB8A6C200CE9A73 /* HomeViewController.m */,
				2DF9C52C1DB8A6C200CE9A73 /* MJShareItem.h */,
				2DF9C52D1DB8A6C200CE9A73 /* MJShareItem.m */,
			);
			path = "首页";
			sourceTree = "<group>";
		};
		2DE459521DABD57C00B6DEE5 /* 音乐 */ = {
			isa = PBXGroup;
			children = (
				2DF9C53C1DB8A70E00CE9A73 /* MusicViewController.h */,
				2DF9C53D1DB8A70E00CE9A73 /* MusicViewController.m */,
			);
			path = "音乐";
			sourceTree = "<group>";
		};
		2DE459531DABD57C00B6DEE5 /* 阅读 */ = {
			isa = PBXGroup;
			children = (
				2DF9C53F1DB8A71600CE9A73 /* ReadViewController.h */,
				2DF9C5401DB8A71600CE9A73 /* ReadViewController.m */,
			);
			path = "阅读";
			sourceTree = "<group>";
		};
		2DE459541DABD62000B6DEE5 /* 3lib */ = {
			isa = PBXGroup;
			children = (
				2DE459551DABD6A700B6DEE5 /* XMGPageView */,
			);
			path = 3lib;
			sourceTree = "<group>";
		};
		2DE459551DABD6A700B6DEE5 /* XMGPageView */ = {
			isa = PBXGroup;
			children = (
				2DE459561DABD6A700B6DEE5 /* XMGPageView.h */,
				2DE459571DABD6A700B6DEE5 /* XMGPageView.m */,
				2DE459581DABD6A700B6DEE5 /* XMGPageView.xib */,
			);
			path = XMGPageView;
			sourceTree = "<group>";
		};
		2DEB65931DB34584006DE98C /* images */ = {
			isa = PBXGroup;
			children = (
				2D8C43201DC7096E001481D1 /* 个人.png */,
				2D8C43211DC7096E001481D1 /* 搜索背景.PNG */,
				2D8C43AD1DC7096E001481D1 /* img_00.png */,
				2D8C43AE1DC7096E001481D1 /* img_01.png */,
				2D8C43AF1DC7096E001481D1 /* img_03.png */,
				2D8C43B01DC7096E001481D1 /* img_04.png */,
				2D8C43B11DC7096E001481D1 /* lauch.PNG */,
				2D8C43B21DC7096E001481D1 /* zoomoutsolids.png */,
				2DF9C54C1DB8BAAF00CE9A73 /* 歌单.png */,
				2DF9C54A1DB8B9B300CE9A73 /* 小记.png */,
				2DEB65941DB34584006DE98C /* 首页.PNG */,
			);
			path = images;
			sourceTree = "<group>";
		};
/* End PBXGroup section */

/* Begin PBXNativeTarget section */
		2DE459001DABBF0C00B6DEE5 /* 一个 */ = {
			isa = PBXNativeTarget;
			buildConfigurationList = 2DE4592E1DABBF0C00B6DEE5 /* Build configuration list for PBXNativeTarget "一个" */;
			buildPhases = (
				2DE458FD1DABBF0C00B6DEE5 /* Sources */,
				2DE458FE1DABBF0C00B6DEE5 /* Frameworks */,
				2DE458FF1DABBF0C00B6DEE5 /* Resources */,
			);
			buildRules = (
			);
			dependencies = (
			);
			name = "一个";
			productName = "一个";
			productReference = 2DE459011DABBF0C00B6DEE5 /* 一个.app */;
			productType = "com.apple.product-type.application";
		};
		2DE459191DABBF0C00B6DEE5 /* 一个Tests */ = {
			isa = PBXNativeTarget;
			buildConfigurationList = 2DE459311DABBF0C00B6DEE5 /* Build configuration list for PBXNativeTarget "一个Tests" */;
			buildPhases = (
				2DE459161DABBF0C00B6DEE5 /* Sources */,
				2DE459171DABBF0C00B6DEE5 /* Frameworks */,
				2DE459181DABBF0C00B6DEE5 /* Resources */,
			);
			buildRules = (
			);
			dependencies = (
				2DE4591C1DABBF0C00B6DEE5 /* PBXTargetDependency */,
			);
			name = "一个Tests";
			productName = "一个Tests";
			productReference = 2DE4591A1DABBF0C00B6DEE5 /* 一个Tests.xctest */;
			productType = "com.apple.product-type.bundle.unit-test";
		};
		2DE459241DABBF0C00B6DEE5 /* 一个UITests */ = {
			isa = PBXNativeTarget;
			buildConfigurationList = 2DE459341DABBF0C00B6DEE5 /* Build configuration list for PBXNativeTarget "一个UITests" */;
			buildPhases = (
				2DE459211DABBF0C00B6DEE5 /* Sources */,
				2DE459221DABBF0C00B6DEE5 /* Frameworks */,
				2DE459231DABBF0C00B6DEE5 /* Resources */,
			);
			buildRules = (
			);
			dependencies = (
				2DE459271DABBF0C00B6DEE5 /* PBXTargetDependency */,
			);
			name = "一个UITests";
			productName = "一个UITests";
			productReference = 2DE459251DABBF0C00B6DEE5 /* 一个UITests.xctest */;
			productType = "com.apple.product-type.bundle.ui-testing";
		};
/* End PBXNativeTarget section */

/* Begin PBXProject section */
		2DE458F91DABBF0C00B6DEE5 /* Project object */ = {
			isa = PBXProject;
			attributes = {
				LastUpgradeCheck = 0720;
				ORGANIZATIONNAME = xiayuanqun;
				TargetAttributes = {
					2DE459001DABBF0C00B6DEE5 = {
						CreatedOnToolsVersion = 7.2;
						DevelopmentTeam = W2P2A5AUVA;
					};
					2DE459191DABBF0C00B6DEE5 = {
						CreatedOnToolsVersion = 7.2;
						DevelopmentTeam = W2P2A5AUVA;
						TestTargetID = 2DE459001DABBF0C00B6DEE5;
					};
					2DE459241DABBF0C00B6DEE5 = {
						CreatedOnToolsVersion = 7.2;
						DevelopmentTeam = W2P2A5AUVA;
						TestTargetID = 2DE459001DABBF0C00B6DEE5;
					};
				};
			};
			buildConfigurationList = 2DE458FC1DABBF0C00B6DEE5 /* Build configuration list for PBXProject "一个" */;
			compatibilityVersion = "Xcode 3.2";
			developmentRegion = English;
			hasScannedForEncodings = 0;
			knownRegions = (
				en,
				Base,
			);
			mainGroup = 2DE458F81DABBF0C00B6DEE5;
			productRefGroup = 2DE459021DABBF0C00B6DEE5 /* Products */;
			projectDirPath = "";
			projectRoot = "";
			targets = (
				2DE459001DABBF0C00B6DEE5 /* 一个 */,
				2DE459191DABBF0C00B6DEE5 /* 一个Tests */,
				2DE459241DABBF0C00B6DEE5 /* 一个UITests */,
			);
		};
/* End PBXProject section */

/* Begin PBXResourcesBuildPhase section */
		2DE458FF1DABBF0C00B6DEE5 /* Resources */ = {
			isa = PBXResourcesBuildPhase;
			buildActionMask = 2147483647;
			files = (
				2DEB65951DB34584006DE98C /* 首页.PNG in Resources */,
				2D8C43C11DC70ADF001481D1 /* UserTableViewCell.xib in Resources */,
				2DF9C54B1DB8B9B300CE9A73 /* 小记.png in Resources */,
				2D8C43B91DC7096E001481D1 /* lauch.PNG in Resources */,
				2D8C43B41DC7096E001481D1 /* 搜索背景.PNG in Resources */,
				2DF9C54D1DB8BAAF00CE9A73 /* 歌单.png in Resources */,
				2DE4595A1DABD6A700B6DEE5 /* XMGPageView.xib in Resources */,
				2D8C43B71DC7096E001481D1 /* img_03.png in Resources */,
				2DE459141DABBF0C00B6DEE5 /* LaunchScreen.storyboard in Resources */,
				2D8C43B81DC7096E001481D1 /* img_04.png in Resources */,
				2D8C43B31DC7096E001481D1 /* 个人.png in Resources */,
				2DE459111DABBF0C00B6DEE5 /* Assets.xcassets in Resources */,
				2D8C43B51DC7096E001481D1 /* img_00.png in Resources */,
				2DE4590F1DABBF0C00B6DEE5 /* Main.storyboard in Resources */,
				2D8C43B61DC7096E001481D1 /* img_01.png in Resources */,
				2DF9C5491DB8AAA200CE9A73 /* 滑稽.jpg in Resources */,
				2D8C43BA1DC7096E001481D1 /* zoomoutsolids.png in Resources */,
			);
			runOnlyForDeploymentPostprocessing = 0;
		};
		2DE459181DABBF0C00B6DEE5 /* Resources */ = {
			isa = PBXResourcesBuildPhase;
			buildActionMask = 2147483647;
			files = (
			);
			runOnlyForDeploymentPostprocessing = 0;
		};
		2DE459231DABBF0C00B6DEE5 /* Resources */ = {
			isa = PBXResourcesBuildPhase;
			buildActionMask = 2147483647;
			files = (
			);
			runOnlyForDeploymentPostprocessing = 0;
		};
/* End PBXResourcesBuildPhase section */

/* Begin PBXSourcesBuildPhase section */
		2DE458FD1DABBF0C00B6DEE5 /* Sources */ = {
			isa = PBXSourcesBuildPhase;
			buildActionMask = 2147483647;
			files = (
				2D8C43C01DC70ADF001481D1 /* UserTableViewCell.m in Sources */,
				2DF9C53E1DB8A70E00CE9A73 /* MusicViewController.m in Sources */,
				2DF9C53B1DB8A70500CE9A73 /* MovieViewController.m in Sources */,
				2DF9C5411DB8A71600CE9A73 /* ReadViewController.m in Sources */,
				2DF9C52F1DB8A6C200CE9A73 /* MJShareItem.m in Sources */,
				2DF9C5381DB8A6EA00CE9A73 /* SearchoneViewController.m in Sources */,
				2DF9C5371DB8A6EA00CE9A73 /* ONEViewController.m in Sources */,
				2DE4590C1DABBF0C00B6DEE5 /* ViewController.m in Sources */,
				2DF9C5361DB8A6EA00CE9A73 /* ONENavigationController.m in Sources */,
				2DE459091DABBF0C00B6DEE5 /* AppDelegate.m in Sources */,
				2D9FF79C1DB6714C00B47DC7 /* UserViewController.m in Sources */,
				2DF9C5461DB8A73500CE9A73 /* OneConst.m in Sources */,
				2DF9C52E1DB8A6C200CE9A73 /* HomeViewController.m in Sources */,
				2DE459591DABD6A700B6DEE5 /* XMGPageView.m in Sources */,
				2DE459061DABBF0C00B6DEE5 /* main.m in Sources */,
				2DF9C5471DB8A73500CE9A73 /* OneHttpConst.m in Sources */,
			);
			runOnlyForDeploymentPostprocessing = 0;
		};
		2DE459161DABBF0C00B6DEE5 /* Sources */ = {
			isa = PBXSourcesBuildPhase;
			buildActionMask = 2147483647;
			files = (
				2DE4591F1DABBF0C00B6DEE5 /* __Tests.m in Sources */,
			);
			runOnlyForDeploymentPostprocessing = 0;
		};
		2DE459211DABBF0C00B6DEE5 /* Sources */ = {
			isa = PBXSourcesBuildPhase;
			buildActionMask = 2147483647;
			files = (
				2DE4592A1DABBF0C00B6DEE5 /* __UITests.m in Sources */,
			);
			runOnlyForDeploymentPostprocessing = 0;
		};
/* End PBXSourcesBuildPhase section */

/* Begin PBXTargetDependency section */
		2DE4591C1DABBF0C00B6DEE5 /* PBXTargetDependency */ = {
			isa = PBXTargetDependency;
			target = 2DE459001DABBF0C00B6DEE5 /* 一个 */;
			targetProxy = 2DE4591B1DABBF0C00B6DEE5 /* PBXContainerItemProxy */;
		};
		2DE459271DABBF0C00B6DEE5 /* PBXTargetDependency */ = {
			isa = PBXTargetDependency;
			target = 2DE459001DABBF0C00B6DEE5 /* 一个 */;
			targetProxy = 2DE459261DABBF0C00B6DEE5 /* PBXContainerItemProxy */;
		};
/* End PBXTargetDependency section */

/* Begin PBXVariantGroup section */
		2DE4590D1DABBF0C00B6DEE5 /* Main.storyboard */ = {
			isa = PBXVariantGroup;
			children = (
				2DE4590E1DABBF0C00B6DEE5 /* Base */,
			);
			name = Main.storyboard;
			sourceTree = "<group>";
		};
		2DE459121DABBF0C00B6DEE5 /* LaunchScreen.storyboard */ = {
			isa = PBXVariantGroup;
			children = (
				2DE459131DABBF0C00B6DEE5 /* Base */,
			);
			name = LaunchScreen.storyboard;
			sourceTree = "<group>";
		};
/* End PBXVariantGroup section */

/* Begin XCBuildConfiguration section */
		2DE4592C1DABBF0C00B6DEE5 /* Debug */ = {
			isa = XCBuildConfiguration;
			buildSettings = {
				ALWAYS_SEARCH_USER_PATHS = NO;
				CLANG_CXX_LANGUAGE_STANDARD = "gnu++0x";
				CLANG_CXX_LIBRARY = "libc++";
				CLANG_ENABLE_MODULES = YES;
				CLANG_ENABLE_OBJC_ARC = YES;
				CLANG_WARN_BOOL_CONVERSION = YES;
				CLANG_WARN_CONSTANT_CONVERSION = YES;
				CLANG_WARN_DIRECT_OBJC_ISA_USAGE = YES_ERROR;
				CLANG_WARN_EMPTY_BODY = YES;
				CLANG_WARN_ENUM_CONVERSION = YES;
				CLANG_WARN_INT_CONVERSION = YES;
				CLANG_WARN_OBJC_ROOT_CLASS = YES_ERROR;
				CLANG_WARN_UNREACHABLE_CODE = YES;
				CLANG_WARN__DUPLICATE_METHOD_MATCH = YES;
				"CODE_SIGN_IDENTITY[sdk=iphoneos*]" = "iPhone Developer";
				COPY_PHASE_STRIP = NO;
				DEBUG_INFORMATION_FORMAT = dwarf;
				ENABLE_STRICT_OBJC_MSGSEND = YES;
				ENABLE_TESTABILITY = YES;
				GCC_C_LANGUAGE_STANDARD = gnu99;
				GCC_DYNAMIC_NO_PIC = NO;
				GCC_NO_COMMON_BLOCKS = YES;
				GCC_OPTIMIZATION_LEVEL = 0;
				GCC_PREPROCESSOR_DEFINITIONS = (
					"DEBUG=1",
					"$(inherited)",
				);
				GCC_WARN_64_TO_32_BIT_CONVERSION = YES;
				GCC_WARN_ABOUT_RETURN_TYPE = YES_ERROR;
				GCC_WARN_UNDECLARED_SELECTOR = YES;
				GCC_WARN_UNINITIALIZED_AUTOS = YES_AGGRESSIVE;
				GCC_WARN_UNUSED_FUNCTION = YES;
				GCC_WARN_UNUSED_VARIABLE = YES;
				IPHONEOS_DEPLOYMENT_TARGET = 9.2;
				MTL_ENABLE_DEBUG_INFO = YES;
				ONLY_ACTIVE_ARCH = YES;
				SDKROOT = iphoneos;
				TARGETED_DEVICE_FAMILY = "1,2";
			};
			name = Debug;
		};
		2DE4592D1DABBF0C00B6DEE5 /* Release */ = {
			isa = XCBuildConfiguration;
			buildSettings = {
				ALWAYS_SEARCH_USER_PATHS = NO;
				CLANG_CXX_LANGUAGE_STANDARD = "gnu++0x";
				CLANG_CXX_LIBRARY = "libc++";
				CLANG_ENABLE_MODULES = YES;
				CLANG_ENABLE_OBJC_ARC = YES;
				CLANG_WARN_BOOL_CONVERSION = YES;
				CLANG_WARN_CONSTANT_CONVERSION = YES;
				CLANG_WARN_DIRECT_OBJC_ISA_USAGE = YES_ERROR;
				CLANG_WARN_EMPTY_BODY = YES;
				CLANG_WARN_ENUM_CONVERSION = YES;
				CLANG_WARN_INT_CONVERSION = YES;
				CLANG_WARN_OBJC_ROOT_CLASS = YES_ERROR;
				CLANG_WARN_UNREACHABLE_CODE = YES;
				CLANG_WARN__DUPLICATE_METHOD_MATCH = YES;
				"CODE_SIGN_IDENTITY[sdk=iphoneos*]" = "iPhone Developer";
				COPY_PHASE_STRIP = NO;
				DEBUG_INFORMATION_FORMAT = "dwarf-with-dsym";
				ENABLE_NS_ASSERTIONS = NO;
				ENABLE_STRICT_OBJC_MSGSEND = YES;
				GCC_C_LANGUAGE_STANDARD = gnu99;
				GCC_NO_COMMON_BLOCKS = YES;
				GCC_WARN_64_TO_32_BIT_CONVERSION = YES;
				GCC_WARN_ABOUT_RETURN_TYPE = YES_ERROR;
				GCC_WARN_UNDECLARED_SELECTOR = YES;
				GCC_WARN_UNINITIALIZED_AUTOS = YES_AGGRESSIVE;
				GCC_WARN_UNUSED_FUNCTION = YES;
				GCC_WARN_UNUSED_VARIABLE = YES;
				IPHONEOS_DEPLOYMENT_TARGET = 9.2;
				MTL_ENABLE_DEBUG_INFO = NO;
				SDKROOT = iphoneos;
				TARGETED_DEVICE_FAMILY = "1,2";
				VALIDATE_PRODUCT = YES;
			};
			name = Release;
		};
		2DE4592F1DABBF0C00B6DEE5 /* Debug */ = {
			isa = XCBuildConfiguration;
			buildSettings = {
				ASSETCATALOG_COMPILER_APPICON_NAME = AppIcon;
				INFOPLIST_FILE = "一个/Info.plist";
				LD_RUNPATH_SEARCH_PATHS = "$(inherited) @executable_path/Frameworks";
				PRODUCT_BUNDLE_IDENTIFIER = "xiaqin.--";
				PRODUCT_NAME = "$(TARGET_NAME)";
			};
			name = Debug;
		};
		2DE459301DABBF0C00B6DEE5 /* Release */ = {
			isa = XCBuildConfiguration;
			buildSettings = {
				ASSETCATALOG_COMPILER_APPICON_NAME = AppIcon;
				INFOPLIST_FILE = "一个/Info.plist";
				LD_RUNPATH_SEARCH_PATHS = "$(inherited) @executable_path/Frameworks";
				PRODUCT_BUNDLE_IDENTIFIER = "xiaqin.--";
				PRODUCT_NAME = "$(TARGET_NAME)";
			};
			name = Release;
		};
		2DE459321DABBF0C00B6DEE5 /* Debug */ = {
			isa = XCBuildConfiguration;
			buildSettings = {
				BUNDLE_LOADER = "$(TEST_HOST)";
				INFOPLIST_FILE = "一个Tests/Info.plist";
				LD_RUNPATH_SEARCH_PATHS = "$(inherited) @executable_path/Frameworks @loader_path/Frameworks";
				PRODUCT_BUNDLE_IDENTIFIER = "xiaqin.--Tests";
				PRODUCT_NAME = "$(TARGET_NAME)";
				TEST_HOST = "$(BUILT_PRODUCTS_DIR)/一个.app/一个";
			};
			name = Debug;
		};
		2DE459331DABBF0C00B6DEE5 /* Release */ = {
			isa = XCBuildConfiguration;
			buildSettings = {
				BUNDLE_LOADER = "$(TEST_HOST)";
				INFOPLIST_FILE = "一个Tests/Info.plist";
				LD_RUNPATH_SEARCH_PATHS = "$(inherited) @executable_path/Frameworks @loader_path/Frameworks";
				PRODUCT_BUNDLE_IDENTIFIER = "xiaqin.--Tests";
				PRODUCT_NAME = "$(TARGET_NAME)";
				TEST_HOST = "$(BUILT_PRODUCTS_DIR)/一个.app/一个";
			};
			name = Release;
		};
		2DE459351DABBF0C00B6DEE5 /* Debug */ = {
			isa = XCBuildConfiguration;
			buildSettings = {
				INFOPLIST_FILE = "一个UITests/Info.plist";
				LD_RUNPATH_SEARCH_PATHS = "$(inherited) @executable_path/Frameworks @loader_path/Frameworks";
				PRODUCT_BUNDLE_IDENTIFIER = "xiaqin.--UITests";
				PRODUCT_NAME = "$(TARGET_NAME)";
				TEST_TARGET_NAME = "一个";
				USES_XCTRUNNER = YES;
			};
			name = Debug;
		};
		2DE459361DABBF0C00B6DEE5 /* Release */ = {
			isa = XCBuildConfiguration;
			buildSettings = {
				INFOPLIST_FILE = "一个UITests/Info.plist";
				LD_RUNPATH_SEARCH_PATHS = "$(inherited) @executable_path/Frameworks @loader_path/Frameworks";
				PRODUCT_BUNDLE_IDENTIFIER = "xiaqin.--UITests";
				PRODUCT_NAME = "$(TARGET_NAME)";
				TEST_TARGET_NAME = "一个";
				USES_XCTRUNNER = YES;
			};
			name = Release;
		};
/* End XCBuildConfiguration section */

/* Begin XCConfigurationList section */
		2DE458FC1DABBF0C00B6DEE5 /* Build configuration list for PBXProject "一个" */ = {
			isa = XCConfigurationList;
			buildConfigurations = (
				2DE4592C1DABBF0C00B6DEE5 /* Debug */,
				2DE4592D1DABBF0C00B6DEE5 /* Release */,
			);
			defaultConfigurationIsVisible = 0;
			defaultConfigurationName = Release;
		};
		2DE4592E1DABBF0C00B6DEE5 /* Build configuration list for PBXNativeTarget "一个" */ = {
			isa = XCConfigurationList;
			buildConfigurations = (
				2DE4592F1DABBF0C00B6DEE5 /* Debug */,
				2DE459301DABBF0C00B6DEE5 /* Release */,
			);
			defaultConfigurationIsVisible = 0;
			defaultConfigurationName = Release;
		};
		2DE459311DABBF0C00B6DEE5 /* Build configuration list for PBXNativeTarget "一个Tests" */ = {
			isa = XCConfigurationList;
			buildConfigurations = (
				2DE459321DABBF0C00B6DEE5 /* Debug */,
				2DE459331DABBF0C00B6DEE5 /* Release */,
			);
			defaultConfigurationIsVisible = 0;
			defaultConfigurationName = Release;
		};
		2DE459341DABBF0C00B6DEE5 /* Build configuration list for PBXNativeTarget "一个UITests" */ = {
			isa = XCConfigurationList;
			buildConfigurations = (
				2DE459351DABBF0C00B6DEE5 /* Debug */,
				2DE459361DABBF0C00B6DEE5 /* Release */,
			);
			defaultConfigurationIsVisible = 0;
			defaultConfigurationName = Release;
		};
/* End XCConfigurationList section */
	};
	rootObject = 2DE458F91DABBF0C00B6DEE5 /* Project object */;
}
